
Microsoft Visual Studio Solution File, Format Version 12.00
# Visual Studio Version 17
VisualStudioVersion = 17.13.35806.99
MinimumVisualStudioVersion = 10.0.40219.1
Project("{FAE04EC0-301F-11D3-BF4B-00C04F79EFBC}") = "Server", "HerasatUmz\Server\Server.csproj", "{92F9F05C-C0B1-4634-95B3-C1027B0C3C90}"
EndProject
Project("{FAE04EC0-301F-11D3-BF4B-00C04F79EFBC}") = "Client", "HerasatUmz\Client\Client.csproj", "{EE86A041-8028-4359-AEEE-F4DA19C69A09}"
EndProject
Project("{FAE04EC0-301F-11D3-BF4B-00C04F79EFBC}") = "Domain", "HerasatUmz\Domain\Domain.csproj", "{B21C8DAC-865A-46D6-B91D-4A3AE22BEEB1}"
EndProject
Project("{FAE04EC0-301F-11D3-BF4B-00C04F79EFBC}") = "Application", "Application\Application.csproj", "{A063201D-B545-449E-8411-7E0C3EECD3A7}"
EndProject
Project("{FAE04EC0-301F-11D3-BF4B-00C04F79EFBC}") = "Infrastructure", "Infrastructure\Infrastructure.csproj", "{28BE0744-BCFA-4E3C-B492-4C8E6E553AA4}"
EndProject
Global
	GlobalSection(SolutionConfigurationPlatforms) = preSolution
		Debug|Any CPU = Debug|Any CPU
		Release|Any CPU = Release|Any CPU
	EndGlobalSection
	GlobalSection(ProjectConfigurationPlatforms) = postSolution
		{92F9F05C-C0B1-4634-95B3-C1027B0C3C90}.Debug|Any CPU.ActiveCfg = Debug|Any CPU
		{92F9F05C-C0B1-4634-95B3-C1027B0C3C90}.Debug|Any CPU.Build.0 = Debug|Any CPU
		{92F9F05C-C0B1-4634-95B3-C1027B0C3C90}.Release|Any CPU.ActiveCfg = Release|Any CPU
		{92F9F05C-C0B1-4634-95B3-C1027B0C3C90}.Release|Any CPU.Build.0 = Release|Any CPU
		{EE86A041-8028-4359-AEEE-F4DA19C69A09}.Debug|Any CPU.ActiveCfg = Debug|Any CPU
		{EE86A041-8028-4359-AEEE-F4DA19C69A09}.Debug|Any CPU.Build.0 = Debug|Any CPU
		{EE86A041-8028-4359-AEEE-F4DA19C69A09}.Release|Any CPU.ActiveCfg = Release|Any CPU
		{EE86A041-8028-4359-AEEE-F4DA19C69A09}.Release|Any CPU.Build.0 = Release|Any CPU
		{B21C8DAC-865A-46D6-B91D-4A3AE22BEEB1}.Debug|Any CPU.ActiveCfg = Debug|Any CPU
		{B21C8DAC-865A-46D6-B91D-4A3AE22BEEB1}.Debug|Any CPU.Build.0 = Debug|Any CPU
		{B21C8DAC-865A-46D6-B91D-4A3AE22BEEB1}.Release|Any CPU.ActiveCfg = Release|Any CPU
		{B21C8DAC-865A-46D6-B91D-4A3AE22BEEB1}.Release|Any CPU.Build.0 = Release|Any CPU
		{A063201D-B545-449E-8411-7E0C3EECD3A7}.Debug|Any CPU.ActiveCfg = Debug|Any CPU
		{A063201D-B545-449E-8411-7E0C3EECD3A7}.Debug|Any CPU.Build.0 = Debug|Any CPU
		{A063201D-B545-449E-8411-7E0C3EECD3A7}.Release|Any CPU.ActiveCfg = Release|Any CPU
		{A063201D-B545-449E-8411-7E0C3EECD3A7}.Release|Any CPU.Build.0 = Release|Any CPU
		{28BE0744-BCFA-4E3C-B492-4C8E6E553AA4}.Debug|Any CPU.ActiveCfg = Debug|Any CPU
		{28BE0744-BCFA-4E3C-B492-4C8E6E553AA4}.Debug|Any CPU.Build.0 = Debug|Any CPU
		{28BE0744-BCFA-4E3C-B492-4C8E6E553AA4}.Release|Any CPU.ActiveCfg = Release|Any CPU
		{28BE0744-BCFA-4E3C-B492-4C8E6E553AA4}.Release|Any CPU.Build.0 = Release|Any CPU
	EndGlobalSection
	GlobalSection(SolutionProperties) = preSolution
		HideSolutionNode = FALSE
	EndGlobalSection
	GlobalSection(ExtensibilityGlobals) = postSolution
		SolutionGuid = {37499F84-194B-4A06-B58F-A757254E199C}
	EndGlobalSection
EndGlobal
